{
  "name": "jlinx-client",
  "version": "1.0.0",
  "lockfileVersion": 2,
  "requires": true,
  "packages": {
    "": {
      "name": "jlinx-client",
      "version": "1.0.0",
      "license": "MIT",
      "dependencies": {
        "@jlinc/jwt": "^1.0.3",
        "autobase": "^1.0.0-alpha.8",
        "debug": "^4.3.4",
        "ini": "^3.0.0",
        "jlinx-core": "file:../core",
        "urlsafe-base64": "^1.0.0"
      }
    },
    "../core": {
      "name": "jlinx-core",
      "version": "1.0.0",
      "license": "MIT",
      "dependencies": {
        "b4a": "^1.3.0",
        "debug": "^4.3.4",
        "ini": "^3.0.0",
        "safety-catch": "^1.0.1",
        "sodium-universal": "^3.0.4",
        "urlsafe-base64": "^1.0.0"
      }
    },
    "node_modules/@jlinc/jwt": {
      "version": "1.0.3",
      "resolved": "https://registry.npmjs.org/@jlinc/jwt/-/jwt-1.0.3.tgz",
      "integrity": "sha512-Q8a35v11Gfu7Gl9IWHVHtIpEZ5AzyKboqcnyUpKIncblQFnAQNOVukzE+nogFv7lzUeGmqPsg9K/PMZ3/CMm/w==",
      "dependencies": {
        "sodium": "^3.0.2",
        "urlsafe-base64": "^1.0.0"
      }
    },
    "node_modules/autobase": {
      "version": "1.0.0-alpha.8",
      "resolved": "https://registry.npmjs.org/autobase/-/autobase-1.0.0-alpha.8.tgz",
      "integrity": "sha512-Dnlw2u0DCZEY6CPbeLW9YI9MIwR+3kCQueqhzt8XZB98frplQrCtzK8DOjju+mYUGdFviyTUmYto9LCF3aXWdQ==",
      "dependencies": {
        "codecs": "^2.2.0",
        "compact-encoding": "^2.0.0",
        "debounceify": "^1.0.0",
        "mutexify": "^1.3.1",
        "safety-catch": "^1.0.1",
        "streamx": "^2.10.0"
      }
    },
    "node_modules/b4a": {
      "version": "1.5.0",
      "resolved": "https://registry.npmjs.org/b4a/-/b4a-1.5.0.tgz",
      "integrity": "sha512-J20PbRmSy38jW9TmqGEwd8xINUCuOm2I2bPQ1sK8LWLxKTbhPh0H48DJ27ff2qmSXvI30WYV0tKzSmGb+oCsXg=="
    },
    "node_modules/codecs": {
      "version": "2.2.0",
      "resolved": "https://registry.npmjs.org/codecs/-/codecs-2.2.0.tgz",
      "integrity": "sha512-+xi2ENsvchtUNa8oBUU58gHgmyN6BEEeZ8NIEgeQ0XnC+AoyihivgZYe+OOiNi+fLy/NUowugwV5gP8XWYDm0Q=="
    },
    "node_modules/compact-encoding": {
      "version": "2.7.0",
      "resolved": "https://registry.npmjs.org/compact-encoding/-/compact-encoding-2.7.0.tgz",
      "integrity": "sha512-2I0A+pYKXYwxewbLxj26tU4pJyKlFNjadzjZ+36xJ5HwTrnhD9KcMQk3McEQRl1at6jrwA8E7UjmBdsGhEAPMw==",
      "dependencies": {
        "b4a": "^1.3.0"
      }
    },
    "node_modules/debounceify": {
      "version": "1.0.0",
      "resolved": "https://registry.npmjs.org/debounceify/-/debounceify-1.0.0.tgz",
      "integrity": "sha512-7BeSMAPUohdDJ7sU6Tq2M8HkJR05IqQCeVm/qNemrpOgP5SGZD5WeNOXNfsgbESinz6OjMooWPTGZiKUX91XJQ=="
    },
    "node_modules/debug": {
      "version": "4.3.4",
      "resolved": "https://registry.npmjs.org/debug/-/debug-4.3.4.tgz",
      "integrity": "sha512-PRWFHuSU3eDtQJPvnNY7Jcket1j0t5OuOsFzPPzsekD52Zl8qUfFIPEiswXqIvHWGVHOgX+7G/vCNNhehwxfkQ==",
      "dependencies": {
        "ms": "2.1.2"
      },
      "engines": {
        "node": ">=6.0"
      },
      "peerDependenciesMeta": {
        "supports-color": {
          "optional": true
        }
      }
    },
    "node_modules/fast-fifo": {
      "version": "1.1.0",
      "resolved": "https://registry.npmjs.org/fast-fifo/-/fast-fifo-1.1.0.tgz",
      "integrity": "sha512-Kl29QoNbNvn4nhDsLYjyIAaIqaJB6rBx5p3sL9VjaefJ+eMFBWVZiaoguaoZfzEKr5RhAti0UgM8703akGPJ6g=="
    },
    "node_modules/ini": {
      "version": "3.0.0",
      "resolved": "https://registry.npmjs.org/ini/-/ini-3.0.0.tgz",
      "integrity": "sha512-TxYQaeNW/N8ymDvwAxPyRbhMBtnEwuvaTYpOQkFx1nSeusgezHniEc/l35Vo4iCq/mMiTJbpD7oYxN98hFlfmw==",
      "engines": {
        "node": "^12.13.0 || ^14.15.0 || >=16.0.0"
      }
    },
    "node_modules/jlinx-core": {
      "resolved": "../core",
      "link": true
    },
    "node_modules/ms": {
      "version": "2.1.2",
      "resolved": "https://registry.npmjs.org/ms/-/ms-2.1.2.tgz",
      "integrity": "sha512-sGkPx+VjMtmA6MX27oA4FBFELFCZZ4S4XqeGOXCv68tT+jb3vk/RyaKWP0PTKyWtmLSM0b+adUTEvbs1PEaH2w=="
    },
    "node_modules/mutexify": {
      "version": "1.4.0",
      "resolved": "https://registry.npmjs.org/mutexify/-/mutexify-1.4.0.tgz",
      "integrity": "sha512-pbYSsOrSB/AKN5h/WzzLRMFgZhClWccf2XIB4RSMC8JbquiB0e0/SH5AIfdQMdyHmYtv4seU7yV/TvAwPLJ1Yg==",
      "dependencies": {
        "queue-tick": "^1.0.0"
      }
    },
    "node_modules/node-addon-api": {
      "version": "5.0.0",
      "resolved": "https://registry.npmjs.org/node-addon-api/-/node-addon-api-5.0.0.tgz",
      "integrity": "sha512-CvkDw2OEnme7ybCykJpVcKH+uAOLV2qLqiyla128dN9TkEWfrYmxG6C2boDe5KcNQqZF3orkqzGgOMvZ/JNekA=="
    },
    "node_modules/queue-tick": {
      "version": "1.0.0",
      "resolved": "https://registry.npmjs.org/queue-tick/-/queue-tick-1.0.0.tgz",
      "integrity": "sha512-ULWhjjE8BmiICGn3G8+1L9wFpERNxkf8ysxkAer4+TFdRefDaXOCV5m92aMB9FtBVmn/8sETXLXY6BfW7hyaWQ=="
    },
    "node_modules/safety-catch": {
      "version": "1.0.2",
      "resolved": "https://registry.npmjs.org/safety-catch/-/safety-catch-1.0.2.tgz",
      "integrity": "sha512-C1UYVZ4dtbBxEtvOcpjBaaD27nP8MlvyAQEp2fOTOEe6pfUpk1cDUxij6BR1jZup6rSyUTaBBplK7LanskrULA=="
    },
    "node_modules/sodium": {
      "version": "3.0.2",
      "resolved": "https://registry.npmjs.org/sodium/-/sodium-3.0.2.tgz",
      "integrity": "sha512-IsTwTJeoNBU97km3XkrbCGC/n/9aUQejgD3QPr2YY2gtbSPru3TI6nhCqgoez9Mv88frF9oVZS/jrXFbd6WXyA==",
      "hasInstallScript": true,
      "dependencies": {
        "node-addon-api": "*"
      }
    },
    "node_modules/streamx": {
      "version": "2.12.4",
      "resolved": "https://registry.npmjs.org/streamx/-/streamx-2.12.4.tgz",
      "integrity": "sha512-K3xdIp8YSkvbdI0PrCcP0JkniN8cPCyeKlcZgRFSl1o1xKINCYM93FryvTSOY57x73pz5/AjO5B8b9BYf21wWw==",
      "dependencies": {
        "fast-fifo": "^1.0.0",
        "queue-tick": "^1.0.0"
      }
    },
    "node_modules/urlsafe-base64": {
      "version": "1.0.0",
      "resolved": "https://registry.npmjs.org/urlsafe-base64/-/urlsafe-base64-1.0.0.tgz",
      "integrity": "sha1-I/iQaabGL0bPOh07ABac77kL4MY="
    }
  },
  "dependencies": {
    "@jlinc/jwt": {
      "version": "1.0.3",
      "resolved": "https://registry.npmjs.org/@jlinc/jwt/-/jwt-1.0.3.tgz",
      "integrity": "sha512-Q8a35v11Gfu7Gl9IWHVHtIpEZ5AzyKboqcnyUpKIncblQFnAQNOVukzE+nogFv7lzUeGmqPsg9K/PMZ3/CMm/w==",
      "requires": {
        "sodium": "^3.0.2",
        "urlsafe-base64": "^1.0.0"
      }
    },
    "autobase": {
      "version": "1.0.0-alpha.8",
      "resolved": "https://registry.npmjs.org/autobase/-/autobase-1.0.0-alpha.8.tgz",
      "integrity": "sha512-Dnlw2u0DCZEY6CPbeLW9YI9MIwR+3kCQueqhzt8XZB98frplQrCtzK8DOjju+mYUGdFviyTUmYto9LCF3aXWdQ==",
      "requires": {
        "codecs": "^2.2.0",
        "compact-encoding": "^2.0.0",
        "debounceify": "^1.0.0",
        "mutexify": "^1.3.1",
        "safety-catch": "^1.0.1",
        "streamx": "^2.10.0"
      }
    },
    "b4a": {
      "version": "1.5.0",
      "resolved": "https://registry.npmjs.org/b4a/-/b4a-1.5.0.tgz",
      "integrity": "sha512-J20PbRmSy38jW9TmqGEwd8xINUCuOm2I2bPQ1sK8LWLxKTbhPh0H48DJ27ff2qmSXvI30WYV0tKzSmGb+oCsXg=="
    },
    "codecs": {
      "version": "2.2.0",
      "resolved": "https://registry.npmjs.org/codecs/-/codecs-2.2.0.tgz",
      "integrity": "sha512-+xi2ENsvchtUNa8oBUU58gHgmyN6BEEeZ8NIEgeQ0XnC+AoyihivgZYe+OOiNi+fLy/NUowugwV5gP8XWYDm0Q=="
    },
    "compact-encoding": {
      "version": "2.7.0",
      "resolved": "https://registry.npmjs.org/compact-encoding/-/compact-encoding-2.7.0.tgz",
      "integrity": "sha512-2I0A+pYKXYwxewbLxj26tU4pJyKlFNjadzjZ+36xJ5HwTrnhD9KcMQk3McEQRl1at6jrwA8E7UjmBdsGhEAPMw==",
      "requires": {
        "b4a": "^1.3.0"
      }
    },
    "debounceify": {
      "version": "1.0.0",
      "resolved": "https://registry.npmjs.org/debounceify/-/debounceify-1.0.0.tgz",
      "integrity": "sha512-7BeSMAPUohdDJ7sU6Tq2M8HkJR05IqQCeVm/qNemrpOgP5SGZD5WeNOXNfsgbESinz6OjMooWPTGZiKUX91XJQ=="
    },
    "debug": {
      "version": "4.3.4",
      "resolved": "https://registry.npmjs.org/debug/-/debug-4.3.4.tgz",
      "integrity": "sha512-PRWFHuSU3eDtQJPvnNY7Jcket1j0t5OuOsFzPPzsekD52Zl8qUfFIPEiswXqIvHWGVHOgX+7G/vCNNhehwxfkQ==",
      "requires": {
        "ms": "2.1.2"
      }
    },
    "fast-fifo": {
      "version": "1.1.0",
      "resolved": "https://registry.npmjs.org/fast-fifo/-/fast-fifo-1.1.0.tgz",
      "integrity": "sha512-Kl29QoNbNvn4nhDsLYjyIAaIqaJB6rBx5p3sL9VjaefJ+eMFBWVZiaoguaoZfzEKr5RhAti0UgM8703akGPJ6g=="
    },
    "ini": {
      "version": "3.0.0",
      "resolved": "https://registry.npmjs.org/ini/-/ini-3.0.0.tgz",
      "integrity": "sha512-TxYQaeNW/N8ymDvwAxPyRbhMBtnEwuvaTYpOQkFx1nSeusgezHniEc/l35Vo4iCq/mMiTJbpD7oYxN98hFlfmw=="
    },
    "jlinx-core": {
      "version": "file:../core",
      "requires": {
        "b4a": "^1.3.0",
        "debug": "^4.3.4",
        "ini": "^3.0.0",
        "safety-catch": "^1.0.1",
        "sodium-universal": "^3.0.4",
        "urlsafe-base64": "^1.0.0"
      }
    },
    "ms": {
      "version": "2.1.2",
      "resolved": "https://registry.npmjs.org/ms/-/ms-2.1.2.tgz",
      "integrity": "sha512-sGkPx+VjMtmA6MX27oA4FBFELFCZZ4S4XqeGOXCv68tT+jb3vk/RyaKWP0PTKyWtmLSM0b+adUTEvbs1PEaH2w=="
    },
    "mutexify": {
      "version": "1.4.0",
      "resolved": "https://registry.npmjs.org/mutexify/-/mutexify-1.4.0.tgz",
      "integrity": "sha512-pbYSsOrSB/AKN5h/WzzLRMFgZhClWccf2XIB4RSMC8JbquiB0e0/SH5AIfdQMdyHmYtv4seU7yV/TvAwPLJ1Yg==",
      "requires": {
        "queue-tick": "^1.0.0"
      }
    },
    "node-addon-api": {
      "version": "5.0.0",
      "resolved": "https://registry.npmjs.org/node-addon-api/-/node-addon-api-5.0.0.tgz",
      "integrity": "sha512-CvkDw2OEnme7ybCykJpVcKH+uAOLV2qLqiyla128dN9TkEWfrYmxG6C2boDe5KcNQqZF3orkqzGgOMvZ/JNekA=="
    },
    "queue-tick": {
      "version": "1.0.0",
      "resolved": "https://registry.npmjs.org/queue-tick/-/queue-tick-1.0.0.tgz",
      "integrity": "sha512-ULWhjjE8BmiICGn3G8+1L9wFpERNxkf8ysxkAer4+TFdRefDaXOCV5m92aMB9FtBVmn/8sETXLXY6BfW7hyaWQ=="
    },
    "safety-catch": {
      "version": "1.0.2",
      "resolved": "https://registry.npmjs.org/safety-catch/-/safety-catch-1.0.2.tgz",
      "integrity": "sha512-C1UYVZ4dtbBxEtvOcpjBaaD27nP8MlvyAQEp2fOTOEe6pfUpk1cDUxij6BR1jZup6rSyUTaBBplK7LanskrULA=="
    },
    "sodium": {
      "version": "3.0.2",
      "resolved": "https://registry.npmjs.org/sodium/-/sodium-3.0.2.tgz",
      "integrity": "sha512-IsTwTJeoNBU97km3XkrbCGC/n/9aUQejgD3QPr2YY2gtbSPru3TI6nhCqgoez9Mv88frF9oVZS/jrXFbd6WXyA==",
      "requires": {
        "node-addon-api": "*"
      }
    },
    "streamx": {
      "version": "2.12.4",
      "resolved": "https://registry.npmjs.org/streamx/-/streamx-2.12.4.tgz",
      "integrity": "sha512-K3xdIp8YSkvbdI0PrCcP0JkniN8cPCyeKlcZgRFSl1o1xKINCYM93FryvTSOY57x73pz5/AjO5B8b9BYf21wWw==",
      "requires": {
        "fast-fifo": "^1.0.0",
        "queue-tick": "^1.0.0"
      }
    },
    "urlsafe-base64": {
      "version": "1.0.0",
      "resolved": "https://registry.npmjs.org/urlsafe-base64/-/urlsafe-base64-1.0.0.tgz",
      "integrity": "sha1-I/iQaabGL0bPOh07ABac77kL4MY="
    }
  }
}
